
Microsoft Visual Studio Solution File, Format Version 12.00
# Visual Studio Version 17
VisualStudioVersion = 17.7.34024.191
MinimumVisualStudioVersion = 10.0.40219.1
Project("{FAE04EC0-301F-11D3-BF4B-00C04F79EFBC}") = "LAB 9", "LAB 9.csproj", "{0AF996E7-6C04-4196-9FC4-F7812537499E}"
EndProject
Global
	GlobalSection(SolutionConfigurationPlatforms) = preSolution
		Debug|Any CPU = Debug|Any CPU
		Release|Any CPU = Release|Any CPU
	EndGlobalSection
	GlobalSection(ProjectConfigurationPlatforms) = postSolution
		{0AF996E7-6C04-4196-9FC4-F7812537499E}.Debug|Any CPU.ActiveCfg = Debug|Any CPU
		{0AF996E7-6C04-4196-9FC4-F7812537499E}.Debug|Any CPU.Build.0 = Debug|Any CPU
		{0AF996E7-6C04-4196-9FC4-F7812537499E}.Release|Any CPU.ActiveCfg = Release|Any CPU
		{0AF996E7-6C04-4196-9FC4-F7812537499E}.Release|Any CPU.Build.0 = Release|Any CPU
	EndGlobalSection
	GlobalSection(SolutionProperties) = preSolution
		HideSolutionNode = FALSE
	EndGlobalSection
	GlobalSection(ExtensibilityGlobals) = postSolution
		SolutionGuid = {09982730-B8E9-4EAB-94F5-7481F16D9E0E}
	EndGlobalSection
EndGlobal
