
Microsoft Visual Studio Solution File, Format Version 12.00
# Visual Studio Version 17
VisualStudioVersion = 17.7.34024.191
MinimumVisualStudioVersion = 10.0.40219.1
Project("{FAE04EC0-301F-11D3-BF4B-00C04F79EFBC}") = "LAB 9 NEW NEW", "LAB 9 NEW NEW.csproj", "{67ADD0B3-8B3A-4116-9D17-FD98DAD8E3B4}"
EndProject
Global
	GlobalSection(SolutionConfigurationPlatforms) = preSolution
		Debug|Any CPU = Debug|Any CPU
		Release|Any CPU = Release|Any CPU
	EndGlobalSection
	GlobalSection(ProjectConfigurationPlatforms) = postSolution
		{67ADD0B3-8B3A-4116-9D17-FD98DAD8E3B4}.Debug|Any CPU.ActiveCfg = Debug|Any CPU
		{67ADD0B3-8B3A-4116-9D17-FD98DAD8E3B4}.Debug|Any CPU.Build.0 = Debug|Any CPU
		{67ADD0B3-8B3A-4116-9D17-FD98DAD8E3B4}.Release|Any CPU.ActiveCfg = Release|Any CPU
		{67ADD0B3-8B3A-4116-9D17-FD98DAD8E3B4}.Release|Any CPU.Build.0 = Release|Any CPU
	EndGlobalSection
	GlobalSection(SolutionProperties) = preSolution
		HideSolutionNode = FALSE
	EndGlobalSection
	GlobalSection(ExtensibilityGlobals) = postSolution
		SolutionGuid = {3830EF54-5D20-4F20-9C8E-2CB270EED78C}
	EndGlobalSection
EndGlobal
