
Microsoft Visual Studio Solution File, Format Version 12.00
# Visual Studio Version 17
VisualStudioVersion = 17.7.34024.191
MinimumVisualStudioVersion = 10.0.40219.1
Project("{9A19103F-16F7-4668-BE54-9A1E7A4F7556}") = "LAB12", "LAB12.csproj", "{59BD0BF6-77C2-4283-A68F-DD9567F653A5}"
EndProject
Global
	GlobalSection(SolutionConfigurationPlatforms) = preSolution
		Debug|Any CPU = Debug|Any CPU
		Release|Any CPU = Release|Any CPU
	EndGlobalSection
	GlobalSection(ProjectConfigurationPlatforms) = postSolution
		{59BD0BF6-77C2-4283-A68F-DD9567F653A5}.Debug|Any CPU.ActiveCfg = Debug|Any CPU
		{59BD0BF6-77C2-4283-A68F-DD9567F653A5}.Debug|Any CPU.Build.0 = Debug|Any CPU
		{59BD0BF6-77C2-4283-A68F-DD9567F653A5}.Release|Any CPU.ActiveCfg = Release|Any CPU
		{59BD0BF6-77C2-4283-A68F-DD9567F653A5}.Release|Any CPU.Build.0 = Release|Any CPU
	EndGlobalSection
	GlobalSection(SolutionProperties) = preSolution
		HideSolutionNode = FALSE
	EndGlobalSection
	GlobalSection(ExtensibilityGlobals) = postSolution
		SolutionGuid = {56152F56-A25E-4937-B742-15F6F8FD6DA9}
	EndGlobalSection
EndGlobal
