
Microsoft Visual Studio Solution File, Format Version 12.00
# Visual Studio Version 17
VisualStudioVersion = 17.4.33213.308
MinimumVisualStudioVersion = 10.0.40219.1
Project("{8BC9CEB8-8B4A-11D0-8D11-00A0C91BC942}") = "LAB 14", "LAB 14.vcxproj", "{2E27529A-A993-4C5E-9404-AA4B09F9ADCE}"
EndProject
Global
	GlobalSection(SolutionConfigurationPlatforms) = preSolution
		Debug|x64 = Debug|x64
		Debug|x86 = Debug|x86
		Release|x64 = Release|x64
		Release|x86 = Release|x86
	EndGlobalSection
	GlobalSection(ProjectConfigurationPlatforms) = postSolution
		{2E27529A-A993-4C5E-9404-AA4B09F9ADCE}.Debug|x64.ActiveCfg = Debug|x64
		{2E27529A-A993-4C5E-9404-AA4B09F9ADCE}.Debug|x64.Build.0 = Debug|x64
		{2E27529A-A993-4C5E-9404-AA4B09F9ADCE}.Debug|x86.ActiveCfg = Debug|Win32
		{2E27529A-A993-4C5E-9404-AA4B09F9ADCE}.Debug|x86.Build.0 = Debug|Win32
		{2E27529A-A993-4C5E-9404-AA4B09F9ADCE}.Release|x64.ActiveCfg = Release|x64
		{2E27529A-A993-4C5E-9404-AA4B09F9ADCE}.Release|x64.Build.0 = Release|x64
		{2E27529A-A993-4C5E-9404-AA4B09F9ADCE}.Release|x86.ActiveCfg = Release|Win32
		{2E27529A-A993-4C5E-9404-AA4B09F9ADCE}.Release|x86.Build.0 = Release|Win32
	EndGlobalSection
	GlobalSection(SolutionProperties) = preSolution
		HideSolutionNode = FALSE
	EndGlobalSection
	GlobalSection(ExtensibilityGlobals) = postSolution
		SolutionGuid = {D2F9E577-B999-4A45-9F2A-306FF34E5B0E}
	EndGlobalSection
EndGlobal
