
Microsoft Visual Studio Solution File, Format Version 12.00
# Visual Studio Version 17
VisualStudioVersion = 17.1.32210.238
MinimumVisualStudioVersion = 10.0.40219.1
Project("{8BC9CEB8-8B4A-11D0-8D11-00A0C91BC942}") = "test", "test.vcxproj", "{8616FAA6-1959-407E-AECE-CDD16A1ED5AB}"
EndProject
Global
	GlobalSection(SolutionConfigurationPlatforms) = preSolution
		Debug|x64 = Debug|x64
		Debug|x86 = Debug|x86
		Release|x64 = Release|x64
		Release|x86 = Release|x86
	EndGlobalSection
	GlobalSection(ProjectConfigurationPlatforms) = postSolution
		{8616FAA6-1959-407E-AECE-CDD16A1ED5AB}.Debug|x64.ActiveCfg = Debug|x64
		{8616FAA6-1959-407E-AECE-CDD16A1ED5AB}.Debug|x64.Build.0 = Debug|x64
		{8616FAA6-1959-407E-AECE-CDD16A1ED5AB}.Debug|x86.ActiveCfg = Debug|Win32
		{8616FAA6-1959-407E-AECE-CDD16A1ED5AB}.Debug|x86.Build.0 = Debug|Win32
		{8616FAA6-1959-407E-AECE-CDD16A1ED5AB}.Release|x64.ActiveCfg = Release|x64
		{8616FAA6-1959-407E-AECE-CDD16A1ED5AB}.Release|x64.Build.0 = Release|x64
		{8616FAA6-1959-407E-AECE-CDD16A1ED5AB}.Release|x86.ActiveCfg = Release|Win32
		{8616FAA6-1959-407E-AECE-CDD16A1ED5AB}.Release|x86.Build.0 = Release|Win32
	EndGlobalSection
	GlobalSection(SolutionProperties) = preSolution
		HideSolutionNode = FALSE
	EndGlobalSection
	GlobalSection(ExtensibilityGlobals) = postSolution
		SolutionGuid = {8C5D0C86-E7C1-4F9B-9A99-856261D1C5CA}
	EndGlobalSection
EndGlobal
